// !$*UTF8*$!
{
	archiveVersion = 1;
	classes = {
	};
	objectVersion = 50;
	objects = {

/* Begin PBXBuildFile section */
		7AF8E0E223F2CE5E009FAAA6 /* AppDelegate.swift in Sources */ = {isa = PBXBuildFile; fileRef = 7AF8E0E123F2CE5E009FAAA6 /* AppDelegate.swift */; };
		7AF8E0E423F2CE5E009FAAA6 /* SceneDelegate.swift in Sources */ = {isa = PBXBuildFile; fileRef = 7AF8E0E323F2CE5E009FAAA6 /* SceneDelegate.swift */; };
		7AF8E0E623F2CE5E009FAAA6 /* ViewController.swift in Sources */ = {isa = PBXBuildFile; fileRef = 7AF8E0E523F2CE5E009FAAA6 /* ViewController.swift */; };
		7AF8E0E923F2CE5E009FAAA6 /* Main.storyboard in Resources */ = {isa = PBXBuildFile; fileRef = 7AF8E0E723F2CE5E009FAAA6 /* Main.storyboard */; };
		7AF8E0EB23F2CE65009FAAA6 /* Assets.xcassets in Resources */ = {isa = PBXBuildFile; fileRef = 7AF8E0EA23F2CE65009FAAA6 /* Assets.xcassets */; };
		7AF8E0EE23F2CE65009FAAA6 /* LaunchScreen.storyboard in Resources */ = {isa = PBXBuildFile; fileRef = 7AF8E0EC23F2CE65009FAAA6 /* LaunchScreen.storyboard */; };
		7AF8E0F923F2CE65009FAAA6 /* AudioKit_TestTests.swift in Sources */ = {isa = PBXBuildFile; fileRef = 7AF8E0F823F2CE65009FAAA6 /* AudioKit_TestTests.swift */; };
		7AF8E10423F2CE65009FAAA6 /* AudioKit_TestUITests.swift in Sources */ = {isa = PBXBuildFile; fileRef = 7AF8E10323F2CE65009FAAA6 /* AudioKit_TestUITests.swift */; };
/* End PBXBuildFile section */

/* Begin PBXContainerItemProxy section */
		7AF8E0F523F2CE65009FAAA6 /* PBXContainerItemProxy */ = {
			isa = PBXContainerItemProxy;
			containerPortal = 7AF8E0D623F2CE5D009FAAA6 /* Project object */;
			proxyType = 1;
			remoteGlobalIDString = 7AF8E0DD23F2CE5E009FAAA6;
			remoteInfo = "AudioKit-Test";
		};
		7AF8E10023F2CE65009FAAA6 /* PBXContainerItemProxy */ = {
			isa = PBXContainerItemProxy;
			containerPortal = 7AF8E0D623F2CE5D009FAAA6 /* Project object */;
			proxyType = 1;
			remoteGlobalIDString = 7AF8E0DD23F2CE5E009FAAA6;
			remoteInfo = "AudioKit-Test";
		};
/* End PBXContainerItemProxy section */

/* Begin PBXFileReference section */
		7AF8E0DE23F2CE5E009FAAA6 /* AudioKit-Test.app */ = {isa = PBXFileReference; explicitFileType = wrapper.application; includeInIndex = 0; path = "AudioKit-Test.app"; sourceTree = BUILT_PRODUCTS_DIR; };
		7AF8E0E123F2CE5E009FAAA6 /* AppDelegate.swift */ = {isa = PBXFileReference; lastKnownFileType = sourcecode.swift; path = AppDelegate.swift; sourceTree = "<group>"; };
		7AF8E0E323F2CE5E009FAAA6 /* SceneDelegate.swift */ = {isa = PBXFileReference; lastKnownFileType = sourcecode.swift; path = SceneDelegate.swift; sourceTree = "<group>"; };
		7AF8E0E523F2CE5E009FAAA6 /* ViewController.swift */ = {isa = PBXFileReference; lastKnownFileType = sourcecode.swift; path = ViewController.swift; sourceTree = "<group>"; };
		7AF8E0E823F2CE5E009FAAA6 /* Base */ = {isa = PBXFileReference; lastKnownFileType = file.storyboard; name = Base; path = Base.lproj/Main.storyboard; sourceTree = "<group>"; };
		7AF8E0EA23F2CE65009FAAA6 /* Assets.xcassets */ = {isa = PBXFileReference; lastKnownFileType = folder.assetcatalog; path = Assets.xcassets; sourceTree = "<group>"; };
		7AF8E0ED23F2CE65009FAAA6 /* Base */ = {isa = PBXFileReference; lastKnownFileType = file.storyboard; name = Base; path = Base.lproj/LaunchScreen.storyboard; sourceTree = "<group>"; };
		7AF8E0EF23F2CE65009FAAA6 /* Info.plist */ = {isa = PBXFileReference; lastKnownFileType = text.plist.xml; path = Info.plist; sourceTree = "<group>"; };
		7AF8E0F423F2CE65009FAAA6 /* AudioKit-TestTests.xctest */ = {isa = PBXFileReference; explicitFileType = wrapper.cfbundle; includeInIndex = 0; path = "AudioKit-TestTests.xctest"; sourceTree = BUILT_PRODUCTS_DIR; };
		7AF8E0F823F2CE65009FAAA6 /* AudioKit_TestTests.swift */ = {isa = PBXFileReference; lastKnownFileType = sourcecode.swift; path = AudioKit_TestTests.swift; sourceTree = "<group>"; };
		7AF8E0FA23F2CE65009FAAA6 /* Info.plist */ = {isa = PBXFileReference; lastKnownFileType = text.plist.xml; path = Info.plist; sourceTree = "<group>"; };
		7AF8E0FF23F2CE65009FAAA6 /* AudioKit-TestUITests.xctest */ = {isa = PBXFileReference; explicitFileType = wrapper.cfbundle; includeInIndex = 0; path = "AudioKit-TestUITests.xctest"; sourceTree = BUILT_PRODUCTS_DIR; };
		7AF8E10323F2CE65009FAAA6 /* AudioKit_TestUITests.swift */ = {isa = PBXFileReference; lastKnownFileType = sourcecode.swift; path = AudioKit_TestUITests.swift; sourceTree = "<group>"; };
		7AF8E10523F2CE65009FAAA6 /* Info.plist */ = {isa = PBXFileReference; lastKnownFileType = text.plist.xml; path = Info.plist; sourceTree = "<group>"; };
/* End PBXFileReference section */

/* Begin PBXFrameworksBuildPhase section */
		7AF8E0DB23F2CE5E009FAAA6 /* Frameworks */ = {
			isa = PBXFrameworksBuildPhase;
			buildActionMask = 2147483647;
			files = (
			);
			runOnlyForDeploymentPostprocessing = 0;
		};
		7AF8E0F123F2CE65009FAAA6 /* Frameworks */ = {
			isa = PBXFrameworksBuildPhase;
			buildActionMask = 2147483647;
			files = (
			);
			runOnlyForDeploymentPostprocessing = 0;
		};
		7AF8E0FC23F2CE65009FAAA6 /* Frameworks */ = {
			isa = PBXFrameworksBuildPhase;
			buildActionMask = 2147483647;
			files = (
			);
			runOnlyForDeploymentPostprocessing = 0;
		};
/* End PBXFrameworksBuildPhase section */

/* Begin PBXGroup section */
		7AF8E0D523F2CE5D009FAAA6 = {
			isa = PBXGroup;
			children = (
				7AF8E0E023F2CE5E009FAAA6 /* AudioKit-Test */,
				7AF8E0F723F2CE65009FAAA6 /* AudioKit-TestTests */,
				7AF8E10223F2CE65009FAAA6 /* AudioKit-TestUITests */,
				7AF8E0DF23F2CE5E009FAAA6 /* Products */,
			);
			sourceTree = "<group>";
		};
		7AF8E0DF23F2CE5E009FAAA6 /* Products */ = {
			isa = PBXGroup;
			children = (
				7AF8E0DE23F2CE5E009FAAA6 /* AudioKit-Test.app */,
				7AF8E0F423F2CE65009FAAA6 /* AudioKit-TestTests.xctest */,
				7AF8E0FF23F2CE65009FAAA6 /* AudioKit-TestUITests.xctest */,
			);
			name = Products;
			sourceTree = "<group>";
		};
		7AF8E0E023F2CE5E009FAAA6 /* AudioKit-Test */ = {
			isa = PBXGroup;
			children = (
				7AF8E0E123F2CE5E009FAAA6 /* AppDelegate.swift */,
				7AF8E0E323F2CE5E009FAAA6 /* SceneDelegate.swift */,
				7AF8E0E523F2CE5E009FAAA6 /* ViewController.swift */,
				7AF8E0E723F2CE5E009FAAA6 /* Main.storyboard */,
				7AF8E0EA23F2CE65009FAAA6 /* Assets.xcassets */,
				7AF8E0EC23F2CE65009FAAA6 /* LaunchScreen.storyboard */,
				7AF8E0EF23F2CE65009FAAA6 /* Info.plist */,
			);
			path = "AudioKit-Test";
			sourceTree = "<group>";
		};
		7AF8E0F723F2CE65009FAAA6 /* AudioKit-TestTests */ = {
			isa = PBXGroup;
			children = (
				7AF8E0F823F2CE65009FAAA6 /* AudioKit_TestTests.swift */,
				7AF8E0FA23F2CE65009FAAA6 /* Info.plist */,
			);
			path = "AudioKit-TestTests";
			sourceTree = "<group>";
		};
		7AF8E10223F2CE65009FAAA6 /* AudioKit-TestUITests */ = {
			isa = PBXGroup;
			children = (
				7AF8E10323F2CE65009FAAA6 /* AudioKit_TestUITests.swift */,
				7AF8E10523F2CE65009FAAA6 /* Info.plist */,
			);
			path = "AudioKit-TestUITests";
			sourceTree = "<group>";
		};
/* End PBXGroup section */

/* Begin PBXNativeTarget section */
		7AF8E0DD23F2CE5E009FAAA6 /* AudioKit-Test */ = {
			isa = PBXNativeTarget;
			buildConfigurationList = 7AF8E10823F2CE65009FAAA6 /* Build configuration list for PBXNativeTarget "AudioKit-Test" */;
			buildPhases = (
				7AF8E0DA23F2CE5E009FAAA6 /* Sources */,
				7AF8E0DB23F2CE5E009FAAA6 /* Frameworks */,
				7AF8E0DC23F2CE5E009FAAA6 /* Resources */,
			);
			buildRules = (
			);
			dependencies = (
			);
			name = "AudioKit-Test";
			productName = "AudioKit-Test";
			productReference = 7AF8E0DE23F2CE5E009FAAA6 /* AudioKit-Test.app */;
			productType = "com.apple.product-type.application";
		};
		7AF8E0F323F2CE65009FAAA6 /* AudioKit-TestTests */ = {
			isa = PBXNativeTarget;
			buildConfigurationList = 7AF8E10B23F2CE65009FAAA6 /* Build configuration list for PBXNativeTarget "AudioKit-TestTests" */;
			buildPhases = (
				7AF8E0F023F2CE65009FAAA6 /* Sources */,
				7AF8E0F123F2CE65009FAAA6 /* Frameworks */,
				7AF8E0F223F2CE65009FAAA6 /* Resources */,
			);
			buildRules = (
			);
			dependencies = (
				7AF8E0F623F2CE65009FAAA6 /* PBXTargetDependency */,
			);
			name = "AudioKit-TestTests";
			productName = "AudioKit-TestTests";
			productReference = 7AF8E0F423F2CE65009FAAA6 /* AudioKit-TestTests.xctest */;
			productType = "com.apple.product-type.bundle.unit-test";
		};
		7AF8E0FE23F2CE65009FAAA6 /* AudioKit-TestUITests */ = {
			isa = PBXNativeTarget;
			buildConfigurationList = 7AF8E10E23F2CE65009FAAA6 /* Build configuration list for PBXNativeTarget "AudioKit-TestUITests" */;
			buildPhases = (
				7AF8E0FB23F2CE65009FAAA6 /* Sources */,
				7AF8E0FC23F2CE65009FAAA6 /* Frameworks */,
				7AF8E0FD23F2CE65009FAAA6 /* Resources */,
			);
			buildRules = (
			);
			dependencies = (
				7AF8E10123F2CE65009FAAA6 /* PBXTargetDependency */,
			);
			name = "AudioKit-TestUITests";
			productName = "AudioKit-TestUITests";
			productReference = 7AF8E0FF23F2CE65009FAAA6 /* AudioKit-TestUITests.xctest */;
			productType = "com.apple.product-type.bundle.ui-testing";
		};
/* End PBXNativeTarget section */

/* Begin PBXProject section */
		7AF8E0D623F2CE5D009FAAA6 /* Project object */ = {
			isa = PBXProject;
			attributes = {
				LastSwiftUpdateCheck = 1130;
				LastUpgradeCheck = 1130;
				ORGANIZATIONNAME = "Patrick Tobias";
				TargetAttributes = {
					7AF8E0DD23F2CE5E009FAAA6 = {
						CreatedOnToolsVersion = 11.3.1;
					};
					7AF8E0F323F2CE65009FAAA6 = {
						CreatedOnToolsVersion = 11.3.1;
						TestTargetID = 7AF8E0DD23F2CE5E009FAAA6;
					};
					7AF8E0FE23F2CE65009FAAA6 = {
						CreatedOnToolsVersion = 11.3.1;
						TestTargetID = 7AF8E0DD23F2CE5E009FAAA6;
					};
				};
			};
			buildConfigurationList = 7AF8E0D923F2CE5D009FAAA6 /* Build configuration list for PBXProject "AudioKit-Test" */;
			compatibilityVersion = "Xcode 9.3";
			developmentRegion = en;
			hasScannedForEncodings = 0;
			knownRegions = (
				en,
				Base,
			);
			mainGroup = 7AF8E0D523F2CE5D009FAAA6;
			productRefGroup = 7AF8E0DF23F2CE5E009FAAA6 /* Products */;
			projectDirPath = "";
			projectRoot = "";
			targets = (
				7AF8E0DD23F2CE5E009FAAA6 /* AudioKit-Test */,
				7AF8E0F323F2CE65009FAAA6 /* AudioKit-TestTests */,
				7AF8E0FE23F2CE65009FAAA6 /* AudioKit-TestUITests */,
			);
		};
/* End PBXProject section */

/* Begin PBXResourcesBuildPhase section */
		7AF8E0DC23F2CE5E009FAAA6 /* Resources */ = {
			isa = PBXResourcesBuildPhase;
			buildActionMask = 2147483647;
			files = (
				7AF8E0EE23F2CE65009FAAA6 /* LaunchScreen.storyboard in Resources */,
				7AF8E0EB23F2CE65009FAAA6 /* Assets.xcassets in Resources */,
				7AF8E0E923F2CE5E009FAAA6 /* Main.storyboard in Resources */,
			);
			runOnlyForDeploymentPostprocessing = 0;
		};
		7AF8E0F223F2CE65009FAAA6 /* Resources */ = {
			isa = PBXResourcesBuildPhase;
			buildActionMask = 2147483647;
			files = (
			);
			runOnlyForDeploymentPostprocessing = 0;
		};
		7AF8E0FD23F2CE65009FAAA6 /* Resources */ = {
			isa = PBXResourcesBuildPhase;
			buildActionMask = 2147483647;
			files = (
			);
			runOnlyForDeploymentPostprocessing = 0;
		};
/* End PBXResourcesBuildPhase section */

/* Begin PBXSourcesBuildPhase section */
		7AF8E0DA23F2CE5E009FAAA6 /* Sources */ = {
			isa = PBXSourcesBuildPhase;
			buildActionMask = 2147483647;
			files = (
				7AF8E0E623F2CE5E009FAAA6 /* ViewController.swift in Sources */,
				7AF8E0E223F2CE5E009FAAA6 /* AppDelegate.swift in Sources */,
				7AF8E0E423F2CE5E009FAAA6 /* SceneDelegate.swift in Sources */,
			);
			runOnlyForDeploymentPostprocessing = 0;
		};
		7AF8E0F023F2CE65009FAAA6 /* Sources */ = {
			isa = PBXSourcesBuildPhase;
			buildActionMask = 2147483647;
			files = (
				7AF8E0F923F2CE65009FAAA6 /* AudioKit_TestTests.swift in Sources */,
			);
			runOnlyForDeploymentPostprocessing = 0;
		};
		7AF8E0FB23F2CE65009FAAA6 /* Sources */ = {
			isa = PBXSourcesBuildPhase;
			buildActionMask = 2147483647;
			files = (
				7AF8E10423F2CE65009FAAA6 /* AudioKit_TestUITests.swift in Sources */,
			);
			runOnlyForDeploymentPostprocessing = 0;
		};
/* End PBXSourcesBuildPhase section */

/* Begin PBXTargetDependency section */
		7AF8E0F623F2CE65009FAAA6 /* PBXTargetDependency */ = {
			isa = PBXTargetDependency;
			target = 7AF8E0DD23F2CE5E009FAAA6 /* AudioKit-Test */;
			targetProxy = 7AF8E0F523F2CE65009FAAA6 /* PBXContainerItemProxy */;
		};
		7AF8E10123F2CE65009FAAA6 /* PBXTargetDependency */ = {
			isa = PBXTargetDependency;
			target = 7AF8E0DD23F2CE5E009FAAA6 /* AudioKit-Test */;
			targetProxy = 7AF8E10023F2CE65009FAAA6 /* PBXContainerItemProxy */;
		};
/* End PBXTargetDependency section */

/* Begin PBXVariantGroup section */
		7AF8E0E723F2CE5E009FAAA6 /* Main.storyboard */ = {
			isa = PBXVariantGroup;
			children = (
				7AF8E0E823F2CE5E009FAAA6 /* Base */,
			);
			name = Main.storyboard;
			sourceTree = "<group>";
		};
		7AF8E0EC23F2CE65009FAAA6 /* LaunchScreen.storyboard */ = {
			isa = PBXVariantGroup;
			children = (
				7AF8E0ED23F2CE65009FAAA6 /* Base */,
			);
			name = LaunchScreen.storyboard;
			sourceTree = "<group>";
		};
/* End PBXVariantGroup section */

/* Begin XCBuildConfiguration section */
		7AF8E10623F2CE65009FAAA6 /* Debug */ = {
			isa = XCBuildConfiguration;
			buildSettings = {
				ALWAYS_SEARCH_USER_PATHS = NO;
				CLANG_ANALYZER_NONNULL = YES;
				CLANG_ANALYZER_NUMBER_OBJECT_CONVERSION = YES_AGGRESSIVE;
				CLANG_CXX_LANGUAGE_STANDARD = "gnu++14";
				CLANG_CXX_LIBRARY = "libc++";
				CLANG_ENABLE_MODULES = YES;
				CLANG_ENABLE_OBJC_ARC = YES;
				CLANG_ENABLE_OBJC_WEAK = YES;
				CLANG_WARN_BLOCK_CAPTURE_AUTORELEASING = YES;
				CLANG_WARN_BOOL_CONVERSION = YES;
				CLANG_WARN_COMMA = YES;
				CLANG_WARN_CONSTANT_CONVERSION = YES;
				CLANG_WARN_DEPRECATED_OBJC_IMPLEMENTATIONS = YES;
				CLANG_WARN_DIRECT_OBJC_ISA_USAGE = YES_ERROR;
				CLANG_WARN_DOCUMENTATION_COMMENTS = YES;
				CLANG_WARN_EMPTY_BODY = YES;
				CLANG_WARN_ENUM_CONVERSION = YES;
				CLANG_WARN_INFINITE_RECURSION = YES;
				CLANG_WARN_INT_CONVERSION = YES;
				CLANG_WARN_NON_LITERAL_NULL_CONVERSION = YES;
				CLANG_WARN_OBJC_IMPLICIT_RETAIN_SELF = YES;
				CLANG_WARN_OBJC_LITERAL_CONVERSION = YES;
				CLANG_WARN_OBJC_ROOT_CLASS = YES_ERROR;
				CLANG_WARN_RANGE_LOOP_ANALYSIS = YES;
				CLANG_WARN_STRICT_PROTOTYPES = YES;
				CLANG_WARN_SUSPICIOUS_MOVE = YES;
				CLANG_WARN_UNGUARDED_AVAILABILITY = YES_AGGRESSIVE;
				CLANG_WARN_UNREACHABLE_CODE = YES;
				CLANG_WARN__DUPLICATE_METHOD_MATCH = YES;
				COPY_PHASE_STRIP = NO;
				DEBUG_INFORMATION_FORMAT = dwarf;
				ENABLE_STRICT_OBJC_MSGSEND = YES;
				ENABLE_TESTABILITY = YES;
				GCC_C_LANGUAGE_STANDARD = gnu11;
				GCC_DYNAMIC_NO_PIC = NO;
				GCC_NO_COMMON_BLOCKS = YES;
				GCC_OPTIMIZATION_LEVEL = 0;
				GCC_PREPROCESSOR_DEFINITIONS = (
					"DEBUG=1",
					"$(inherited)",
				);
				GCC_WARN_64_TO_32_BIT_CONVERSION = YES;
				GCC_WARN_ABOUT_RETURN_TYPE = YES_ERROR;
				GCC_WARN_UNDECLARED_SELECTOR = YES;
				GCC_WARN_UNINITIALIZED_AUTOS = YES_AGGRESSIVE;
				GCC_WARN_UNUSED_FUNCTION = YES;
				GCC_WARN_UNUSED_VARIABLE = YES;
				IPHONEOS_DEPLOYMENT_TARGET = 13.2;
				MTL_ENABLE_DEBUG_INFO = INCLUDE_SOURCE;
				MTL_FAST_MATH = YES;
				ONLY_ACTIVE_ARCH = YES;
				SDKROOT = iphoneos;
				SWIFT_ACTIVE_COMPILATION_CONDITIONS = DEBUG;
				SWIFT_OPTIMIZATION_LEVEL = "-Onone";
			};
			name = Debug;
		};
		7AF8E10723F2CE65009FAAA6 /* Release */ = {
			isa = XCBuildConfiguration;
			buildSettings = {
				ALWAYS_SEARCH_USER_PATHS = NO;
				CLANG_ANALYZER_NONNULL = YES;
				CLANG_ANALYZER_NUMBER_OBJECT_CONVERSION = YES_AGGRESSIVE;
				CLANG_CXX_LANGUAGE_STANDARD = "gnu++14";
				CLANG_CXX_LIBRARY = "libc++";
				CLANG_ENABLE_MODULES = YES;
				CLANG_ENABLE_OBJC_ARC = YES;
				CLANG_ENABLE_OBJC_WEAK = YES;
				CLANG_WARN_BLOCK_CAPTURE_AUTORELEASING = YES;
				CLANG_WARN_BOOL_CONVERSION = YES;
				CLANG_WARN_COMMA = YES;
				CLANG_WARN_CONSTANT_CONVERSION = YES;
				CLANG_WARN_DEPRECATED_OBJC_IMPLEMENTATIONS = YES;
				CLANG_WARN_DIRECT_OBJC_ISA_USAGE = YES_ERROR;
				CLANG_WARN_DOCUMENTATION_COMMENTS = YES;
				CLANG_WARN_EMPTY_BODY = YES;
				CLANG_WARN_ENUM_CONVERSION = YES;
				CLANG_WARN_INFINITE_RECURSION = YES;
				CLANG_WARN_INT_CONVERSION = YES;
				CLANG_WARN_NON_LITERAL_NULL_CONVERSION = YES;
				CLANG_WARN_OBJC_IMPLICIT_RETAIN_SELF = YES;
				CLANG_WARN_OBJC_LITERAL_CONVERSION = YES;
				CLANG_WARN_OBJC_ROOT_CLASS = YES_ERROR;
				CLANG_WARN_RANGE_LOOP_ANALYSIS = YES;
				CLANG_WARN_STRICT_PROTOTYPES = YES;
				CLANG_WARN_SUSPICIOUS_MOVE = YES;
				CLANG_WARN_UNGUARDED_AVAILABILITY = YES_AGGRESSIVE;
				CLANG_WARN_UNREACHABLE_CODE = YES;
				CLANG_WARN__DUPLICATE_METHOD_MATCH = YES;
				COPY_PHASE_STRIP = NO;
				DEBUG_INFORMATION_FORMAT = "dwarf-with-dsym";
				ENABLE_NS_ASSERTIONS = NO;
				ENABLE_STRICT_OBJC_MSGSEND = YES;
				GCC_C_LANGUAGE_STANDARD = gnu11;
				GCC_NO_COMMON_BLOCKS = YES;
				GCC_WARN_64_TO_32_BIT_CONVERSION = YES;
				GCC_WARN_ABOUT_RETURN_TYPE = YES_ERROR;
				GCC_WARN_UNDECLARED_SELECTOR = YES;
				GCC_WARN_UNINITIALIZED_AUTOS = YES_AGGRESSIVE;
				GCC_WARN_UNUSED_FUNCTION = YES;
				GCC_WARN_UNUSED_VARIABLE = YES;
				IPHONEOS_DEPLOYMENT_TARGET = 13.2;
				MTL_ENABLE_DEBUG_INFO = NO;
				MTL_FAST_MATH = YES;
				SDKROOT = iphoneos;
				SWIFT_COMPILATION_MODE = wholemodule;
				SWIFT_OPTIMIZATION_LEVEL = "-O";
				VALIDATE_PRODUCT = YES;
			};
			name = Release;
		};
		7AF8E10923F2CE65009FAAA6 /* Debug */ = {
			isa = XCBuildConfiguration;
			buildSettings = {
				ASSETCATALOG_COMPILER_APPICON_NAME = AppIcon;
				CODE_SIGN_STYLE = Automatic;
				DEVELOPMENT_TEAM = 4XKYMS9BR8;
				INFOPLIST_FILE = "AudioKit-Test/Info.plist";
				LD_RUNPATH_SEARCH_PATHS = (
					"$(inherited)",
					"@executable_path/Frameworks",
				);
				PRODUCT_BUNDLE_IDENTIFIER = "sample.tobi.AudioKit-Test";
				PRODUCT_NAME = "$(TARGET_NAME)";
				SWIFT_VERSION = 5.0;
				TARGETED_DEVICE_FAMILY = "1,2";
			};
			name = Debug;
		};
		7AF8E10A23F2CE65009FAAA6 /* Release */ = {
			isa = XCBuildConfiguration;
			buildSettings = {
				ASSETCATALOG_COMPILER_APPICON_NAME = AppIcon;
				CODE_SIGN_STYLE = Automatic;
				DEVELOPMENT_TEAM = 4XKYMS9BR8;
				INFOPLIST_FILE = "AudioKit-Test/Info.plist";
				LD_RUNPATH_SEARCH_PATHS = (
					"$(inherited)",
					"@executable_path/Frameworks",
				);
				PRODUCT_BUNDLE_IDENTIFIER = "sample.tobi.AudioKit-Test";
				PRODUCT_NAME = "$(TARGET_NAME)";
				SWIFT_VERSION = 5.0;
				TARGETED_DEVICE_FAMILY = "1,2";
			};
			name = Release;
		};
		7AF8E10C23F2CE65009FAAA6 /* Debug */ = {
			isa = XCBuildConfiguration;
			buildSettings = {
				ALWAYS_EMBED_SWIFT_STANDARD_LIBRARIES = YES;
				BUNDLE_LOADER = "$(TEST_HOST)";
				CODE_SIGN_STYLE = Automatic;
				DEVELOPMENT_TEAM = 4XKYMS9BR8;
				INFOPLIST_FILE = "AudioKit-TestTests/Info.plist";
				IPHONEOS_DEPLOYMENT_TARGET = 13.2;
				LD_RUNPATH_SEARCH_PATHS = (
					"$(inherited)",
					"@executable_path/Frameworks",
					"@loader_path/Frameworks",
				);
				PRODUCT_BUNDLE_IDENTIFIER = "sample.tobi.AudioKit-TestTests";
				PRODUCT_NAME = "$(TARGET_NAME)";
				SWIFT_VERSION = 5.0;
				TARGETED_DEVICE_FAMILY = "1,2";
				TEST_HOST = "$(BUILT_PRODUCTS_DIR)/AudioKit-Test.app/AudioKit-Test";
			};
			name = Debug;
		};
		7AF8E10D23F2CE65009FAAA6 /* Release */ = {
			isa = XCBuildConfiguration;
			buildSettings = {
				ALWAYS_EMBED_SWIFT_STANDARD_LIBRARIES = YES;
				BUNDLE_LOADER = "$(TEST_HOST)";
				CODE_SIGN_STYLE = Automatic;
				DEVELOPMENT_TEAM = 4XKYMS9BR8;
				INFOPLIST_FILE = "AudioKit-TestTests/Info.plist";
				IPHONEOS_DEPLOYMENT_TARGET = 13.2;
				LD_RUNPATH_SEARCH_PATHS = (
					"$(inherited)",
					"@executable_path/Frameworks",
					"@loader_path/Frameworks",
				);
				PRODUCT_BUNDLE_IDENTIFIER = "sample.tobi.AudioKit-TestTests";
				PRODUCT_NAME = "$(TARGET_NAME)";
				SWIFT_VERSION = 5.0;
				TARGETED_DEVICE_FAMILY = "1,2";
				TEST_HOST = "$(BUILT_PRODUCTS_DIR)/AudioKit-Test.app/AudioKit-Test";
			};
			name = Release;
		};
		7AF8E10F23F2CE65009FAAA6 /* Debug */ = {
			isa = XCBuildConfiguration;
			buildSettings = {
				ALWAYS_EMBED_SWIFT_STANDARD_LIBRARIES = YES;
				CODE_SIGN_STYLE = Automatic;
				DEVELOPMENT_TEAM = 4XKYMS9BR8;
				INFOPLIST_FILE = "AudioKit-TestUITests/Info.plist";
				LD_RUNPATH_SEARCH_PATHS = (
					"$(inherited)",
					"@executable_path/Frameworks",
					"@loader_path/Frameworks",
				);
				PRODUCT_BUNDLE_IDENTIFIER = "sample.tobi.AudioKit-TestUITests";
				PRODUCT_NAME = "$(TARGET_NAME)";
				SWIFT_VERSION = 5.0;
				TARGETED_DEVICE_FAMILY = "1,2";
				TEST_TARGET_NAME = "AudioKit-Test";
			};
			name = Debug;
		};
		7AF8E11023F2CE65009FAAA6 /* Release */ = {
			isa = XCBuildConfiguration;
			buildSettings = {
				ALWAYS_EMBED_SWIFT_STANDARD_LIBRARIES = YES;
				CODE_SIGN_STYLE = Automatic;
				DEVELOPMENT_TEAM = 4XKYMS9BR8;
				INFOPLIST_FILE = "AudioKit-TestUITests/Info.plist";
				LD_RUNPATH_SEARCH_PATHS = (
					"$(inherited)",
					"@executable_path/Frameworks",
					"@loader_path/Frameworks",
				);
				PRODUCT_BUNDLE_IDENTIFIER = "sample.tobi.AudioKit-TestUITests";
				PRODUCT_NAME = "$(TARGET_NAME)";
				SWIFT_VERSION = 5.0;
				TARGETED_DEVICE_FAMILY = "1,2";
				TEST_TARGET_NAME = "AudioKit-Test";
			};
			name = Release;
		};
/* End XCBuildConfiguration section */

/* Begin XCConfigurationList section */
		7AF8E0D923F2CE5D009FAAA6 /* Build configuration list for PBXProject "AudioKit-Test" */ = {
			isa = XCConfigurationList;
			buildConfigurations = (
				7AF8E10623F2CE65009FAAA6 /* Debug */,
				7AF8E10723F2CE65009FAAA6 /* Release */,
			);
			defaultConfigurationIsVisible = 0;
			defaultConfigurationName = Release;
		};
		7AF8E10823F2CE65009FAAA6 /* Build configuration list for PBXNativeTarget "AudioKit-Test" */ = {
			isa = XCConfigurationList;
			buildConfigurations = (
				7AF8E10923F2CE65009FAAA6 /* Debug */,
				7AF8E10A23F2CE65009FAAA6 /* Release */,
			);
			defaultConfigurationIsVisible = 0;
			defaultConfigurationName = Release;
		};
		7AF8E10B23F2CE65009FAAA6 /* Build configuration list for PBXNativeTarget "AudioKit-TestTests" */ = {
			isa = XCConfigurationList;
			buildConfigurations = (
				7AF8E10C23F2CE65009FAAA6 /* Debug */,
				7AF8E10D23F2CE65009FAAA6 /* Release */,
			);
			defaultConfigurationIsVisible = 0;
			defaultConfigurationName = Release;
		};
		7AF8E10E23F2CE65009FAAA6 /* Build configuration list for PBXNativeTarget "AudioKit-TestUITests" */ = {
			isa = XCConfigurationList;
			buildConfigurations = (
				7AF8E10F23F2CE65009FAAA6 /* Debug */,
				7AF8E11023F2CE65009FAAA6 /* Release */,
			);
			defaultConfigurationIsVisible = 0;
			defaultConfigurationName = Release;
		};
/* End XCConfigurationList section */
	};
	rootObject = 7AF8E0D623F2CE5D009FAAA6 /* Project object */;
}
